// !$*UTF8*$!
{
	archiveVersion = 1;
	classes = {
	};
	objectVersion = 46;
	objects = {

/* Begin PBXBuildFile section */
		985B52251E2FB80100298E28 /* AppDelegate.swift in Sources */ = {isa = PBXBuildFile; fileRef = 985B52241E2FB80100298E28 /* AppDelegate.swift */; };
		985B52271E2FB80100298E28 /* ViewController.swift in Sources */ = {isa = PBXBuildFile; fileRef = 985B52261E2FB80100298E28 /* ViewController.swift */; };
		985B522A1E2FB80100298E28 /* Main.storyboard in Resources */ = {isa = PBXBuildFile; fileRef = 985B52281E2FB80100298E28 /* Main.storyboard */; };
		985B522C1E2FB80100298E28 /* Assets.xcassets in Resources */ = {isa = PBXBuildFile; fileRef = 985B522B1E2FB80100298E28 /* Assets.xcassets */; };
		985B522F1E2FB80100298E28 /* LaunchScreen.storyboard in Resources */ = {isa = PBXBuildFile; fileRef = 985B522D1E2FB80100298E28 /* LaunchScreen.storyboard */; };
/* End PBXBuildFile section */

/* Begin PBXFileReference section */
		985B52211E2FB80100298E28 /* developer.app */ = {isa = PBXFileReference; explicitFileType = wrapper.application; includeInIndex = 0; path = developer.app; sourceTree = BUILT_PRODUCTS_DIR; };
		985B52241E2FB80100298E28 /* AppDelegate.swift */ = {isa = PBXFileReference; lastKnownFileType = sourcecode.swift; path = AppDelegate.swift; sourceTree = "<group>"; };
		985B52261E2FB80100298E28 /* ViewController.swift */ = {isa = PBXFileReference; lastKnownFileType = sourcecode.swift; path = ViewController.swift; sourceTree = "<group>"; };
		985B52291E2FB80100298E28 /* Base */ = {isa = PBXFileReference; lastKnownFileType = file.storyboard; name = Base; path = Base.lproj/Main.storyboard; sourceTree = "<group>"; };
		985B522B1E2FB80100298E28 /* Assets.xcassets */ = {isa = PBXFileReference; lastKnownFileType = folder.assetcatalog; path = Assets.xcassets; sourceTree = "<group>"; };
		985B522E1E2FB80100298E28 /* Base */ = {isa = PBXFileReference; lastKnownFileType = file.storyboard; name = Base; path = Base.lproj/LaunchScreen.storyboard; sourceTree = "<group>"; };
		985B52301E2FB80100298E28 /* Info.plist */ = {isa = PBXFileReference; lastKnownFileType = text.plist.xml; path = Info.plist; sourceTree = "<group>"; };
/* End PBXFileReference section */

/* Begin PBXFrameworksBuildPhase section */
		985B521E1E2FB80100298E28 /* Frameworks */ = {
			isa = PBXFrameworksBuildPhase;
			buildActionMask = 2147483647;
			files = (
			);
			runOnlyForDeploymentPostprocessing = 0;
		};
/* End PBXFrameworksBuildPhase section */

/* Begin PBXGroup section */
		985B52181E2FB80100298E28 = {
			isa = PBXGroup;
			children = (
				985B52231E2FB80100298E28 /* developer */,
				985B52221E2FB80100298E28 /* Products */,
			);
			sourceTree = "<group>";
		};
		985B52221E2FB80100298E28 /* Products */ = {
			isa = PBXGroup;
			children = (
				985B52211E2FB80100298E28 /* developer.app */,
			);
			name = Products;
			sourceTree = "<group>";
		};
		985B52231E2FB80100298E28 /* developer */ = {
			isa = PBXGroup;
			children = (
				985B52241E2FB80100298E28 /* AppDelegate.swift */,
				985B52261E2FB80100298E28 /* ViewController.swift */,
				985B52281E2FB80100298E28 /* Main.storyboard */,
				985B522B1E2FB80100298E28 /* Assets.xcassets */,
				985B522D1E2FB80100298E28 /* LaunchScreen.storyboard */,
				985B52301E2FB80100298E28 /* Info.plist */,
			);
			path = developer;
			sourceTree = "<group>";
		};
/* End PBXGroup section */

/* Begin PBXNativeTarget section */
		985B52201E2FB80100298E28 /* developer */ = {
			isa = PBXNativeTarget;
			buildConfigurationList = 985B52331E2FB80100298E28 /* Build configuration list for PBXNativeTarget "developer" */;
			buildPhases = (
				985B521D1E2FB80100298E28 /* Sources */,
				985B521E1E2FB80100298E28 /* Frameworks */,
				985B521F1E2FB80100298E28 /* Resources */,
			);
			buildRules = (
			);
			dependencies = (
			);
			name = developer;
			productName = developer;
			productReference = 985B52211E2FB80100298E28 /* developer.app */;
			productType = "com.apple.product-type.application";
		};
/* End PBXNativeTarget section */

/* Begin PBXProject section */
		985B52191E2FB80100298E28 /* Project object */ = {
			isa = PBXProject;
			attributes = {
				LastSwiftUpdateCheck = 0820;
				LastUpgradeCheck = 0820;
				ORGANIZATIONNAME = developers;
				TargetAttributes = {
					985B52201E2FB80100298E28 = {
						CreatedOnToolsVersion = 8.2.1;
						ProvisioningStyle = Automatic;
					};
				};
			};
			buildConfigurationList = 985B521C1E2FB80100298E28 /* Build configuration list for PBXProject "developer" */;
			compatibilityVersion = "Xcode 3.2";
			developmentRegion = English;
			hasScannedForEncodings = 0;
			knownRegions = (
				en,
				Base,
			);
			mainGroup = 985B52181E2FB80100298E28;
			productRefGroup = 985B52221E2FB80100298E28 /* Products */;
			projectDirPath = "";
			projectRoot = "";
			targets = (
				985B52201E2FB80100298E28 /* developer */,
			);
		};
/* End PBXProject section */

/* Begin PBXResourcesBuildPhase section */
		985B521F1E2FB80100298E28 /* Resources */ = {
			isa = PBXResourcesBuildPhase;
			buildActionMask = 2147483647;
			files = (
				985B522F1E2FB80100298E28 /* LaunchScreen.storyboard in Resources */,
				985B522C1E2FB80100298E28 /* Assets.xcassets in Resources */,
				985B522A1E2FB80100298E28 /* Main.storyboard in Resources */,
			);
			runOnlyForDeploymentPostprocessing = 0;
		};
/* End PBXResourcesBuildPhase section */

/* Begin PBXSourcesBuildPhase section */
		985B521D1E2FB80100298E28 /* Sources */ = {
			isa = PBXSourcesBuildPhase;
			buildActionMask = 2147483647;
			files = (
				985B52271E2FB80100298E28 /* ViewController.swift in Sources */,
				985B52251E2FB80100298E28 /* AppDelegate.swift in Sources */,
			);
			runOnlyForDeploymentPostprocessing = 0;
		};
/* End PBXSourcesBuildPhase section */

/* Begin PBXVariantGroup section */
		985B52281E2FB80100298E28 /* Main.storyboard */ = {
			isa = PBXVariantGroup;
			children = (
				985B52291E2FB80100298E28 /* Base */,
			);
			name = Main.storyboard;
			sourceTree = "<group>";
		};
		985B522D1E2FB80100298E28 /* LaunchScreen.storyboard */ = {
			isa = PBXVariantGroup;
			children = (
				985B522E1E2FB80100298E28 /* Base */,
			);
			name = LaunchScreen.storyboard;
			sourceTree = "<group>";
		};
/* End PBXVariantGroup section */

/* Begin XCBuildConfiguration section */
		985B52311E2FB80100298E28 /* Debug */ = {
			isa = XCBuildConfiguration;
			buildSettings = {
				ALWAYS_SEARCH_USER_PATHS = NO;
				CLANG_ANALYZER_NONNULL = YES;
				CLANG_CXX_LANGUAGE_STANDARD = "gnu++0x";
				CLANG_CXX_LIBRARY = "libc++";
				CLANG_ENABLE_MODULES = YES;
				CLANG_ENABLE_OBJC_ARC = YES;
				CLANG_WARN_BOOL_CONVERSION = YES;
				CLANG_WARN_CONSTANT_CONVERSION = YES;
				CLANG_WARN_DIRECT_OBJC_ISA_USAGE = YES_ERROR;
				CLANG_WARN_DOCUMENTATION_COMMENTS = YES;
				CLANG_WARN_EMPTY_BODY = YES;
				CLANG_WARN_ENUM_CONVERSION = YES;
				CLANG_WARN_INFINITE_RECURSION = YES;
				CLANG_WARN_INT_CONVERSION = YES;
				CLANG_WARN_OBJC_ROOT_CLASS = YES_ERROR;
				CLANG_WARN_SUSPICIOUS_MOVE = YES;
				CLANG_WARN_UNREACHABLE_CODE = YES;
				CLANG_WARN__DUPLICATE_METHOD_MATCH = YES;
				"CODE_SIGN_IDENTITY[sdk=iphoneos*]" = "iPhone Developer";
				COPY_PHASE_STRIP = NO;
				DEBUG_INFORMATION_FORMAT = dwarf;
				ENABLE_STRICT_OBJC_MSGSEND = YES;
				ENABLE_TESTABILITY = YES;
				GCC_C_LANGUAGE_STANDARD = gnu99;
				GCC_DYNAMIC_NO_PIC = NO;
				GCC_NO_COMMON_BLOCKS = YES;
				GCC_OPTIMIZATION_LEVEL = 0;
				GCC_PREPROCESSOR_DEFINITIONS = (
					"DEBUG=1",
					"$(inherited)",
				);
				GCC_WARN_64_TO_32_BIT_CONVERSION = YES;
				GCC_WARN_ABOUT_RETURN_TYPE = YES_ERROR;
				GCC_WARN_UNDECLARED_SELECTOR = YES;
				GCC_WARN_UNINITIALIZED_AUTOS = YES_AGGRESSIVE;
				GCC_WARN_UNUSED_FUNCTION = YES;
				GCC_WARN_UNUSED_VARIABLE = YES;
				IPHONEOS_DEPLOYMENT_TARGET = 10.2;
				MTL_ENABLE_DEBUG_INFO = YES;
				ONLY_ACTIVE_ARCH = YES;
				SDKROOT = iphoneos;
				SWIFT_ACTIVE_COMPILATION_CONDITIONS = DEBUG;
				SWIFT_OPTIMIZATION_LEVEL = "-Onone";
				TARGETED_DEVICE_FAMILY = "1,2";
			};
			name = Debug;
		};
		985B52321E2FB80100298E28 /* Release */ = {
			isa = XCBuildConfiguration;
			buildSettings = {
				ALWAYS_SEARCH_USER_PATHS = NO;
				CLANG_ANALYZER_NONNULL = YES;
				CLANG_CXX_LANGUAGE_STANDARD = "gnu++0x";
				CLANG_CXX_LIBRARY = "libc++";
				CLANG_ENABLE_MODULES = YES;
				CLANG_ENABLE_OBJC_ARC = YES;
				CLANG_WARN_BOOL_CONVERSION = YES;
				CLANG_WARN_CONSTANT_CONVERSION = YES;
				CLANG_WARN_DIRECT_OBJC_ISA_USAGE = YES_ERROR;
				CLANG_WARN_DOCUMENTATION_COMMENTS = YES;
				CLANG_WARN_EMPTY_BODY = YES;
				CLANG_WARN_ENUM_CONVERSION = YES;
				CLANG_WARN_INFINITE_RECURSION = YES;
				CLANG_WARN_INT_CONVERSION = YES;
				CLANG_WARN_OBJC_ROOT_CLASS = YES_ERROR;
				CLANG_WARN_SUSPICIOUS_MOVE = YES;
				CLANG_WARN_UNREACHABLE_CODE = YES;
				CLANG_WARN__DUPLICATE_METHOD_MATCH = YES;
				"CODE_SIGN_IDENTITY[sdk=iphoneos*]" = "iPhone Developer";
				COPY_PHASE_STRIP = NO;
				DEBUG_INFORMATION_FORMAT = "dwarf-with-dsym";
				ENABLE_NS_ASSERTIONS = NO;
				ENABLE_STRICT_OBJC_MSGSEND = YES;
				GCC_C_LANGUAGE_STANDARD = gnu99;
				GCC_NO_COMMON_BLOCKS = YES;
				GCC_WARN_64_TO_32_BIT_CONVERSION = YES;
				GCC_WARN_ABOUT_RETURN_TYPE = YES_ERROR;
				GCC_WARN_UNDECLARED_SELECTOR = YES;
				GCC_WARN_UNINITIALIZED_AUTOS = YES_AGGRESSIVE;
				GCC_WARN_UNUSED_FUNCTION = YES;
				GCC_WARN_UNUSED_VARIABLE = YES;
				IPHONEOS_DEPLOYMENT_TARGET = 10.2;
				MTL_ENABLE_DEBUG_INFO = NO;
				SDKROOT = iphoneos;
				SWIFT_OPTIMIZATION_LEVEL = "-Owholemodule";
				TARGETED_DEVICE_FAMILY = "1,2";
				VALIDATE_PRODUCT = YES;
			};
			name = Release;
		};
		985B52341E2FB80100298E28 /* Debug */ = {
			isa = XCBuildConfiguration;
			buildSettings = {
				ASSETCATALOG_COMPILER_APPICON_NAME = AppIcon;
				INFOPLIST_FILE = developer/Info.plist;
				LD_RUNPATH_SEARCH_PATHS = "$(inherited) @executable_path/Frameworks";
				PRODUCT_BUNDLE_IDENTIFIER = com.developers.developer;
				PRODUCT_NAME = "$(TARGET_NAME)";
				SWIFT_VERSION = 3.0;
			};
			name = Debug;
		};
		985B52351E2FB80100298E28 /* Release */ = {
			isa = XCBuildConfiguration;
			buildSettings = {
				ASSETCATALOG_COMPILER_APPICON_NAME = AppIcon;
				INFOPLIST_FILE = developer/Info.plist;
				LD_RUNPATH_SEARCH_PATHS = "$(inherited) @executable_path/Frameworks";
				PRODUCT_BUNDLE_IDENTIFIER = com.developers.developer;
				PRODUCT_NAME = "$(TARGET_NAME)";
				SWIFT_VERSION = 3.0;
			};
			name = Release;
		};
/* End XCBuildConfiguration section */

/* Begin XCConfigurationList section */
		985B521C1E2FB80100298E28 /* Build configuration list for PBXProject "developer" */ = {
			isa = XCConfigurationList;
			buildConfigurations = (
				985B52311E2FB80100298E28 /* Debug */,
				985B52321E2FB80100298E28 /* Release */,
			);
			defaultConfigurationIsVisible = 0;
			defaultConfigurationName = Release;
		};
		985B52331E2FB80100298E28 /* Build configuration list for PBXNativeTarget "developer" */ = {
			isa = XCConfigurationList;
			buildConfigurations = (
				985B52341E2FB80100298E28 /* Debug */,
				985B52351E2FB80100298E28 /* Release */,
			);
			defaultConfigurationIsVisible = 0;
		};
/* End XCConfigurationList section */
	};
	rootObject = 985B52191E2FB80100298E28 /* Project object */;
}
